
Microsoft Visual Studio Solution File, Format Version 12.00
# Visual Studio Version 17
VisualStudioVersion = 17.10.35013.160
MinimumVisualStudioVersion = 10.0.40219.1
Project("{FAE04EC0-301F-11D3-BF4B-00C04F79EFBC}") = "hoka", "hoka.csproj", "{A371D930-B19D-4718-A669-D0182F819FBB}"
EndProject
Project("{FAE04EC0-301F-11D3-BF4B-00C04F79EFBC}") = "hoka_cli", "..\hoka_cli\hoka_cli.csproj", "{EDCEF3FD-2F7E-428A-95A3-D7E798B303B7}"
EndProject
Global
	GlobalSection(SolutionConfigurationPlatforms) = preSolution
		Debug|Any CPU = Debug|Any CPU
		Release|Any CPU = Release|Any CPU
	EndGlobalSection
	GlobalSection(ProjectConfigurationPlatforms) = postSolution
		{A371D930-B19D-4718-A669-D0182F819FBB}.Debug|Any CPU.ActiveCfg = Debug|Any CPU
		{A371D930-B19D-4718-A669-D0182F819FBB}.Debug|Any CPU.Build.0 = Debug|Any CPU
		{A371D930-B19D-4718-A669-D0182F819FBB}.Release|Any CPU.ActiveCfg = Release|Any CPU
		{A371D930-B19D-4718-A669-D0182F819FBB}.Release|Any CPU.Build.0 = Release|Any CPU
		{EDCEF3FD-2F7E-428A-95A3-D7E798B303B7}.Debug|Any CPU.ActiveCfg = Debug|Any CPU
		{EDCEF3FD-2F7E-428A-95A3-D7E798B303B7}.Debug|Any CPU.Build.0 = Debug|Any CPU
		{EDCEF3FD-2F7E-428A-95A3-D7E798B303B7}.Release|Any CPU.ActiveCfg = Release|Any CPU
		{EDCEF3FD-2F7E-428A-95A3-D7E798B303B7}.Release|Any CPU.Build.0 = Release|Any CPU
	EndGlobalSection
	GlobalSection(SolutionProperties) = preSolution
		HideSolutionNode = FALSE
	EndGlobalSection
	GlobalSection(ExtensibilityGlobals) = postSolution
		SolutionGuid = {892A0099-7DF4-49A6-B2E1-8929ED93C70C}
	EndGlobalSection
EndGlobal
